// !$*UTF8*$!
{
	archiveVersion = 1;
	classes = {
	};
	objectVersion = 46;
	objects = {

/* Begin PBXBuildFile section */
		5A0F7B071BC4E50500926FD4 /* SAPhoto+CoreDataProperties.m in Sources */ = {isa = PBXBuildFile; fileRef = 5A0F7AF41BC4E50500926FD4 /* SAPhoto+CoreDataProperties.m */; };
		5A0F7B081BC4E50500926FD4 /* SAPhoto.m in Sources */ = {isa = PBXBuildFile; fileRef = 5A0F7AF61BC4E50500926FD4 /* SAPhoto.m */; };
		5A0F7B091BC4E50500926FD4 /* SAUser+CoreDataProperties.m in Sources */ = {isa = PBXBuildFile; fileRef = 5A0F7AF81BC4E50500926FD4 /* SAUser+CoreDataProperties.m */; };
		5A0F7B0A1BC4E50500926FD4 /* SAUser.m in Sources */ = {isa = PBXBuildFile; fileRef = 5A0F7AFA1BC4E50500926FD4 /* SAUser.m */; };
		5A0F7B0B1BC4E50500926FD4 /* SAStatus+CoreDataProperties.m in Sources */ = {isa = PBXBuildFile; fileRef = 5A0F7AFC1BC4E50500926FD4 /* SAStatus+CoreDataProperties.m */; };
		5A0F7B0C1BC4E50500926FD4 /* SAStatus.m in Sources */ = {isa = PBXBuildFile; fileRef = 5A0F7AFE1BC4E50500926FD4 /* SAStatus.m */; };
		5A0F7B0D1BC4E50500926FD4 /* SAConversation+CoreDataProperties.m in Sources */ = {isa = PBXBuildFile; fileRef = 5A0F7B001BC4E50500926FD4 /* SAConversation+CoreDataProperties.m */; };
		5A0F7B0E1BC4E50500926FD4 /* SAConversation.m in Sources */ = {isa = PBXBuildFile; fileRef = 5A0F7B021BC4E50500926FD4 /* SAConversation.m */; };
		5A0F7B0F1BC4E50500926FD4 /* SAMessage+CoreDataProperties.m in Sources */ = {isa = PBXBuildFile; fileRef = 5A0F7B041BC4E50500926FD4 /* SAMessage+CoreDataProperties.m */; };
		5A0F7B101BC4E50500926FD4 /* SAMessage.m in Sources */ = {isa = PBXBuildFile; fileRef = 5A0F7B061BC4E50500926FD4 /* SAMessage.m */; };
		5A1811AD1BABED3D004B6C54 /* SAMentionListViewController.m in Sources */ = {isa = PBXBuildFile; fileRef = 5A1811AC1BABED3D004B6C54 /* SAMentionListViewController.m */; };
		5A1811AF1BABF3AC004B6C54 /* SATimeLineCell.xib in Resources */ = {isa = PBXBuildFile; fileRef = 5A1811AE1BABF3AC004B6C54 /* SATimeLineCell.xib */; };
		5A1811CB1BAC1C40004B6C54 /* SATimeLinePhotoCell.m in Sources */ = {isa = PBXBuildFile; fileRef = 5A1811C91BAC1C40004B6C54 /* SATimeLinePhotoCell.m */; };
		5A1811CC1BAC1C40004B6C54 /* SATimeLinePhotoCell.xib in Resources */ = {isa = PBXBuildFile; fileRef = 5A1811CA1BAC1C40004B6C54 /* SATimeLinePhotoCell.xib */; };
		5A2365BD1B395FD200E1E73C /* SATimeLineCell.m in Sources */ = {isa = PBXBuildFile; fileRef = 5A2365BC1B395FD200E1E73C /* SATimeLineCell.m */; };
		5A2365C41B39723900E1E73C /* SAAPIService.m in Sources */ = {isa = PBXBuildFile; fileRef = 5A2365C31B39723900E1E73C /* SAAPIService.m */; };
		5A2B63F51BDBA140007F670C /* Info.plist in Resources */ = {isa = PBXBuildFile; fileRef = 5AD70EEE1B316A79009C5B84 /* Info.plist */; };
		5A3E6C581BA441D100C589BE /* SADataManager+Status.m in Sources */ = {isa = PBXBuildFile; fileRef = 5A3E6C571BA441D100C589BE /* SADataManager+Status.m */; };
		5A5C21281BB51B1100C1277F /* SAFriendListViewController.m in Sources */ = {isa = PBXBuildFile; fileRef = 5A5C21271BB51B1100C1277F /* SAFriendListViewController.m */; };
		5A5C212B1BB52BA400C1277F /* SAFriendCell.m in Sources */ = {isa = PBXBuildFile; fileRef = 5A5C212A1BB52BA400C1277F /* SAFriendCell.m */; };
		5A7E1F201BA9CD67000E7E62 /* SAPhotoTimeLineViewController.m in Sources */ = {isa = PBXBuildFile; fileRef = 5A7E1F1F1BA9CD67000E7E62 /* SAPhotoTimeLineViewController.m */; };
		5A7E1F231BA9CDA4000E7E62 /* SAPhotoTimeLineCell.m in Sources */ = {isa = PBXBuildFile; fileRef = 5A7E1F221BA9CDA4000E7E62 /* SAPhotoTimeLineCell.m */; };
		5A849E921BC3EC20000FDCB9 /* Pods-fansky-acknowledgements.plist in Resources */ = {isa = PBXBuildFile; fileRef = 5A849E911BC3EC20000FDCB9 /* Pods-fansky-acknowledgements.plist */; };
		5A86A68C1BBBFD3B00C562E2 /* SANotificationManager.m in Sources */ = {isa = PBXBuildFile; fileRef = 5A86A68B1BBBFD3B00C562E2 /* SANotificationManager.m */; };
		5A95558D1BD36D1200326E94 /* SAFavoriteTimeLineViewController.m in Sources */ = {isa = PBXBuildFile; fileRef = 5A95558C1BD36D1200326E94 /* SAFavoriteTimeLineViewController.m */; };
		5A9AD6B01BAA6CD50058916A /* SAMessageDisplayUtils.m in Sources */ = {isa = PBXBuildFile; fileRef = 5A9AD6AF1BAA6CD50058916A /* SAMessageDisplayUtils.m */; };
		5AAB875C1BDA4B19003C9A51 /* SAUserInfoViewController.m in Sources */ = {isa = PBXBuildFile; fileRef = 5AAB875B1BDA4B19003C9A51 /* SAUserInfoViewController.m */; };
		5AD70EF01B316A79009C5B84 /* main.m in Sources */ = {isa = PBXBuildFile; fileRef = 5AD70EEF1B316A79009C5B84 /* main.m */; };
		5AD70EF31B316A79009C5B84 /* SAAppDelegate.m in Sources */ = {isa = PBXBuildFile; fileRef = 5AD70EF21B316A79009C5B84 /* SAAppDelegate.m */; };
		5AD70EF61B316A79009C5B84 /* fansky.xcdatamodeld in Sources */ = {isa = PBXBuildFile; fileRef = 5AD70EF41B316A79009C5B84 /* fansky.xcdatamodeld */; };
		5AD70EFC1B316A79009C5B84 /* SAMain.storyboard in Resources */ = {isa = PBXBuildFile; fileRef = 5AD70EFA1B316A79009C5B84 /* SAMain.storyboard */; };
		5AD70EFE1B316A79009C5B84 /* Images.xcassets in Resources */ = {isa = PBXBuildFile; fileRef = 5AD70EFD1B316A79009C5B84 /* Images.xcassets */; };
		5AD70F011B316A79009C5B84 /* LaunchScreen.xib in Resources */ = {isa = PBXBuildFile; fileRef = 5AD70EFF1B316A79009C5B84 /* LaunchScreen.xib */; };
		5AD70F0D1B316A79009C5B84 /* fanskyTests.m in Sources */ = {isa = PBXBuildFile; fileRef = 5AD70F0C1B316A79009C5B84 /* fanskyTests.m */; };
		5AD70F191B316B05009C5B84 /* SATimeLineViewController.m in Sources */ = {isa = PBXBuildFile; fileRef = 5AD70F181B316B05009C5B84 /* SATimeLineViewController.m */; };
		5AD70F201B31716A009C5B84 /* SAConstants.m in Sources */ = {isa = PBXBuildFile; fileRef = 5AD70F1F1B31716A009C5B84 /* SAConstants.m */; };
		5ADA99E01BB2676B0068C0FF /* SAPushWithoutAnimation.m in Sources */ = {isa = PBXBuildFile; fileRef = 5ADA99DF1BB2676B0068C0FF /* SAPushWithoutAnimation.m */; };
		5AE38ADE1BA2E70F0022A35A /* SAUserCell.m in Sources */ = {isa = PBXBuildFile; fileRef = 5AE38ADD1BA2E70F0022A35A /* SAUserCell.m */; };
		5AE5E99C1BBD02AA00DC4748 /* SATabBarViewControllerDelegate.m in Sources */ = {isa = PBXBuildFile; fileRef = 5AE5E99B1BBD02AA00DC4748 /* SATabBarViewControllerDelegate.m */; };
		5AE98AA81BAEB0A900B7F105 /* SASettingViewController.m in Sources */ = {isa = PBXBuildFile; fileRef = 5AE98AA71BAEB0A900B7F105 /* SASettingViewController.m */; };
		5AE98AAB1BAECDAA00B7F105 /* SADataManager+Message.m in Sources */ = {isa = PBXBuildFile; fileRef = 5AE98AAA1BAECDAA00B7F105 /* SADataManager+Message.m */; };
		5AE98AB41BAED16300B7F105 /* SAConversationViewController.m in Sources */ = {isa = PBXBuildFile; fileRef = 5AE98AB31BAED16300B7F105 /* SAConversationViewController.m */; };
		5AE98AB71BAED1B400B7F105 /* SAMessageCell.m in Sources */ = {isa = PBXBuildFile; fileRef = 5AE98AB61BAED1B400B7F105 /* SAMessageCell.m */; };
		5AE98ABA1BAEDF0000B7F105 /* SAMessageViewController.m in Sources */ = {isa = PBXBuildFile; fileRef = 5AE98AB91BAEDF0000B7F105 /* SAMessageViewController.m */; };
		5AE98AC31BAEE43300B7F105 /* SADataManager+Conversation.m in Sources */ = {isa = PBXBuildFile; fileRef = 5AE98AC21BAEE43300B7F105 /* SADataManager+Conversation.m */; };
		5AE98AC61BAEE90800B7F105 /* SAConversationCell.m in Sources */ = {isa = PBXBuildFile; fileRef = 5AE98AC51BAEE90800B7F105 /* SAConversationCell.m */; };
		5AED4B291BA672D100EDBF47 /* SADataManager+Photo.m in Sources */ = {isa = PBXBuildFile; fileRef = 5AED4B281BA672D100EDBF47 /* SADataManager+Photo.m */; };
		5AED4B2D1BA6C16300EDBF47 /* NSString+Utils.m in Sources */ = {isa = PBXBuildFile; fileRef = 5AED4B2C1BA6C16300EDBF47 /* NSString+Utils.m */; };
		5AED4B301BA6D41D00EDBF47 /* NSDate+Utils.m in Sources */ = {isa = PBXBuildFile; fileRef = 5AED4B2F1BA6D41D00EDBF47 /* NSDate+Utils.m */; };
		5AED4B331BA6E48B00EDBF47 /* SAComposeViewController.m in Sources */ = {isa = PBXBuildFile; fileRef = 5AED4B321BA6E48B00EDBF47 /* SAComposeViewController.m */; };
		5AED4B361BA6E52B00EDBF47 /* SATabBarViewController.m in Sources */ = {isa = PBXBuildFile; fileRef = 5AED4B351BA6E52B00EDBF47 /* SATabBarViewController.m */; };
		5AED4B391BA7CFE100EDBF47 /* SAStatusViewController.m in Sources */ = {isa = PBXBuildFile; fileRef = 5AED4B381BA7CFE100EDBF47 /* SAStatusViewController.m */; };
		5AED4B6E1BA8429300EDBF47 /* SAUserViewController.m in Sources */ = {isa = PBXBuildFile; fileRef = 5AED4B6D1BA8429300EDBF47 /* SAUserViewController.m */; };
		5AED4B711BA8521B00EDBF47 /* SAUserHeaderView.m in Sources */ = {isa = PBXBuildFile; fileRef = 5AED4B701BA8521B00EDBF47 /* SAUserHeaderView.m */; };
		5AED4B731BA8522C00EDBF47 /* SAUserHeaderView.xib in Resources */ = {isa = PBXBuildFile; fileRef = 5AED4B721BA8522C00EDBF47 /* SAUserHeaderView.xib */; };
		5AF5B1C71BA17EF500C7A18A /* SAUserListViewController.m in Sources */ = {isa = PBXBuildFile; fileRef = 5AF5B1C61BA17EF500C7A18A /* SAUserListViewController.m */; };
		5AF5B1CA1BA17F7B00C7A18A /* SALoginViewController.m in Sources */ = {isa = PBXBuildFile; fileRef = 5AF5B1C91BA17F7B00C7A18A /* SALoginViewController.m */; };
		5AF5B1CD1BA1813A00C7A18A /* SASplashViewController.m in Sources */ = {isa = PBXBuildFile; fileRef = 5AF5B1CC1BA1813A00C7A18A /* SASplashViewController.m */; };
		5AF5B1D01BA1816600C7A18A /* SADataManager.m in Sources */ = {isa = PBXBuildFile; fileRef = 5AF5B1CF1BA1816600C7A18A /* SADataManager.m */; };
		5AF5B1D31BA181CD00C7A18A /* SADataManager+User.m in Sources */ = {isa = PBXBuildFile; fileRef = 5AF5B1D21BA181CD00C7A18A /* SADataManager+User.m */; };
		5AFF6FE21BC42BF400769995 /* SAFriend.m in Sources */ = {isa = PBXBuildFile; fileRef = 5AFF6FE11BC42BF400769995 /* SAFriend.m */; };
		A5780EF56B5B4E2B090419E4 /* Pods_fansky.framework in Frameworks */ = {isa = PBXBuildFile; fileRef = 3E43255F77409845B17D05D0 /* Pods_fansky.framework */; settings = {ATTRIBUTES = (Weak, ); }; };
/* End PBXBuildFile section */

/* Begin PBXContainerItemProxy section */
		5AD70F071B316A79009C5B84 /* PBXContainerItemProxy */ = {
			isa = PBXContainerItemProxy;
			containerPortal = 5AD70EE21B316A79009C5B84 /* Project object */;
			proxyType = 1;
			remoteGlobalIDString = 5AD70EE91B316A79009C5B84;
			remoteInfo = fansky;
		};
/* End PBXContainerItemProxy section */

/* Begin PBXFileReference section */
		3E43255F77409845B17D05D0 /* Pods_fansky.framework */ = {isa = PBXFileReference; explicitFileType = wrapper.framework; includeInIndex = 0; path = Pods_fansky.framework; sourceTree = BUILT_PRODUCTS_DIR; };
		4CA0B1D52B50FFEAB4E792B5 /* Pods-fansky.debug.xcconfig */ = {isa = PBXFileReference; includeInIndex = 1; lastKnownFileType = text.xcconfig; name = "Pods-fansky.debug.xcconfig"; path = "Pods/Target Support Files/Pods-fansky/Pods-fansky.debug.xcconfig"; sourceTree = "<group>"; };
		5A01639A1BA96A470065F1F1 /* TTTAttributedLabel.framework */ = {isa = PBXFileReference; lastKnownFileType = wrapper.framework; name = TTTAttributedLabel.framework; path = "Pods/../build/Debug-iphoneos/TTTAttributedLabel.framework"; sourceTree = "<group>"; };
		5A0F7AF31BC4E50500926FD4 /* SAPhoto+CoreDataProperties.h */ = {isa = PBXFileReference; fileEncoding = 4; lastKnownFileType = sourcecode.c.h; path = "SAPhoto+CoreDataProperties.h"; sourceTree = "<group>"; };
		5A0F7AF41BC4E50500926FD4 /* SAPhoto+CoreDataProperties.m */ = {isa = PBXFileReference; fileEncoding = 4; lastKnownFileType = sourcecode.c.objc; path = "SAPhoto+CoreDataProperties.m"; sourceTree = "<group>"; };
		5A0F7AF51BC4E50500926FD4 /* SAPhoto.h */ = {isa = PBXFileReference; fileEncoding = 4; lastKnownFileType = sourcecode.c.h; path = SAPhoto.h; sourceTree = "<group>"; };
		5A0F7AF61BC4E50500926FD4 /* SAPhoto.m */ = {isa = PBXFileReference; fileEncoding = 4; lastKnownFileType = sourcecode.c.objc; path = SAPhoto.m; sourceTree = "<group>"; };
		5A0F7AF71BC4E50500926FD4 /* SAUser+CoreDataProperties.h */ = {isa = PBXFileReference; fileEncoding = 4; lastKnownFileType = sourcecode.c.h; path = "SAUser+CoreDataProperties.h"; sourceTree = "<group>"; };
		5A0F7AF81BC4E50500926FD4 /* SAUser+CoreDataProperties.m */ = {isa = PBXFileReference; fileEncoding = 4; lastKnownFileType = sourcecode.c.objc; path = "SAUser+CoreDataProperties.m"; sourceTree = "<group>"; };
		5A0F7AF91BC4E50500926FD4 /* SAUser.h */ = {isa = PBXFileReference; fileEncoding = 4; lastKnownFileType = sourcecode.c.h; path = SAUser.h; sourceTree = "<group>"; };
		5A0F7AFA1BC4E50500926FD4 /* SAUser.m */ = {isa = PBXFileReference; fileEncoding = 4; lastKnownFileType = sourcecode.c.objc; path = SAUser.m; sourceTree = "<group>"; };
		5A0F7AFB1BC4E50500926FD4 /* SAStatus+CoreDataProperties.h */ = {isa = PBXFileReference; fileEncoding = 4; lastKnownFileType = sourcecode.c.h; path = "SAStatus+CoreDataProperties.h"; sourceTree = "<group>"; };
		5A0F7AFC1BC4E50500926FD4 /* SAStatus+CoreDataProperties.m */ = {isa = PBXFileReference; fileEncoding = 4; lastKnownFileType = sourcecode.c.objc; path = "SAStatus+CoreDataProperties.m"; sourceTree = "<group>"; };
		5A0F7AFD1BC4E50500926FD4 /* SAStatus.h */ = {isa = PBXFileReference; fileEncoding = 4; lastKnownFileType = sourcecode.c.h; path = SAStatus.h; sourceTree = "<group>"; };
		5A0F7AFE1BC4E50500926FD4 /* SAStatus.m */ = {isa = PBXFileReference; fileEncoding = 4; lastKnownFileType = sourcecode.c.objc; path = SAStatus.m; sourceTree = "<group>"; };
		5A0F7AFF1BC4E50500926FD4 /* SAConversation+CoreDataProperties.h */ = {isa = PBXFileReference; fileEncoding = 4; lastKnownFileType = sourcecode.c.h; path = "SAConversation+CoreDataProperties.h"; sourceTree = "<group>"; };
		5A0F7B001BC4E50500926FD4 /* SAConversation+CoreDataProperties.m */ = {isa = PBXFileReference; fileEncoding = 4; lastKnownFileType = sourcecode.c.objc; path = "SAConversation+CoreDataProperties.m"; sourceTree = "<group>"; };
		5A0F7B011BC4E50500926FD4 /* SAConversation.h */ = {isa = PBXFileReference; fileEncoding = 4; lastKnownFileType = sourcecode.c.h; path = SAConversation.h; sourceTree = "<group>"; };
		5A0F7B021BC4E50500926FD4 /* SAConversation.m */ = {isa = PBXFileReference; fileEncoding = 4; lastKnownFileType = sourcecode.c.objc; path = SAConversation.m; sourceTree = "<group>"; };
		5A0F7B031BC4E50500926FD4 /* SAMessage+CoreDataProperties.h */ = {isa = PBXFileReference; fileEncoding = 4; lastKnownFileType = sourcecode.c.h; path = "SAMessage+CoreDataProperties.h"; sourceTree = "<group>"; };
		5A0F7B041BC4E50500926FD4 /* SAMessage+CoreDataProperties.m */ = {isa = PBXFileReference; fileEncoding = 4; lastKnownFileType = sourcecode.c.objc; path = "SAMessage+CoreDataProperties.m"; sourceTree = "<group>"; };
		5A0F7B051BC4E50500926FD4 /* SAMessage.h */ = {isa = PBXFileReference; fileEncoding = 4; lastKnownFileType = sourcecode.c.h; path = SAMessage.h; sourceTree = "<group>"; };
		5A0F7B061BC4E50500926FD4 /* SAMessage.m */ = {isa = PBXFileReference; fileEncoding = 4; lastKnownFileType = sourcecode.c.objc; path = SAMessage.m; sourceTree = "<group>"; };
		5A113F051BDBAB800065E18D /* LocalAuthentication.framework */ = {isa = PBXFileReference; lastKnownFileType = wrapper.framework; name = LocalAuthentication.framework; path = System/Library/Frameworks/LocalAuthentication.framework; sourceTree = SDKROOT; };
		5A1811AB1BABED3D004B6C54 /* SAMentionListViewController.h */ = {isa = PBXFileReference; fileEncoding = 4; lastKnownFileType = sourcecode.c.h; path = SAMentionListViewController.h; sourceTree = "<group>"; };
		5A1811AC1BABED3D004B6C54 /* SAMentionListViewController.m */ = {isa = PBXFileReference; fileEncoding = 4; lastKnownFileType = sourcecode.c.objc; path = SAMentionListViewController.m; sourceTree = "<group>"; };
		5A1811AE1BABF3AC004B6C54 /* SATimeLineCell.xib */ = {isa = PBXFileReference; fileEncoding = 4; lastKnownFileType = file.xib; path = SATimeLineCell.xib; sourceTree = "<group>"; };
		5A1811C81BAC1C40004B6C54 /* SATimeLinePhotoCell.h */ = {isa = PBXFileReference; fileEncoding = 4; lastKnownFileType = sourcecode.c.h; path = SATimeLinePhotoCell.h; sourceTree = "<group>"; };
		5A1811C91BAC1C40004B6C54 /* SATimeLinePhotoCell.m */ = {isa = PBXFileReference; fileEncoding = 4; lastKnownFileType = sourcecode.c.objc; path = SATimeLinePhotoCell.m; sourceTree = "<group>"; };
		5A1811CA1BAC1C40004B6C54 /* SATimeLinePhotoCell.xib */ = {isa = PBXFileReference; fileEncoding = 4; lastKnownFileType = file.xib; path = SATimeLinePhotoCell.xib; sourceTree = "<group>"; };
		5A2365BB1B395FD200E1E73C /* SATimeLineCell.h */ = {isa = PBXFileReference; fileEncoding = 4; lastKnownFileType = sourcecode.c.h; path = SATimeLineCell.h; sourceTree = "<group>"; };
		5A2365BC1B395FD200E1E73C /* SATimeLineCell.m */ = {isa = PBXFileReference; fileEncoding = 4; lastKnownFileType = sourcecode.c.objc; path = SATimeLineCell.m; sourceTree = "<group>"; };
		5A2365C21B39723900E1E73C /* SAAPIService.h */ = {isa = PBXFileReference; fileEncoding = 4; lastKnownFileType = sourcecode.c.h; path = SAAPIService.h; sourceTree = "<group>"; };
		5A2365C31B39723900E1E73C /* SAAPIService.m */ = {isa = PBXFileReference; fileEncoding = 4; lastKnownFileType = sourcecode.c.objc; path = SAAPIService.m; sourceTree = "<group>"; };
		5A3E6C561BA441D100C589BE /* SADataManager+Status.h */ = {isa = PBXFileReference; fileEncoding = 4; lastKnownFileType = sourcecode.c.h; path = "SADataManager+Status.h"; sourceTree = "<group>"; };
		5A3E6C571BA441D100C589BE /* SADataManager+Status.m */ = {isa = PBXFileReference; fileEncoding = 4; lastKnownFileType = sourcecode.c.objc; path = "SADataManager+Status.m"; sourceTree = "<group>"; };
		5A5694EA1BDB55F400A883A9 /* fansky 4.xcdatamodel */ = {isa = PBXFileReference; lastKnownFileType = wrapper.xcdatamodel; path = "fansky 4.xcdatamodel"; sourceTree = "<group>"; };
		5A5C21261BB51B1100C1277F /* SAFriendListViewController.h */ = {isa = PBXFileReference; fileEncoding = 4; lastKnownFileType = sourcecode.c.h; path = SAFriendListViewController.h; sourceTree = "<group>"; };
		5A5C21271BB51B1100C1277F /* SAFriendListViewController.m */ = {isa = PBXFileReference; fileEncoding = 4; lastKnownFileType = sourcecode.c.objc; path = SAFriendListViewController.m; sourceTree = "<group>"; };
		5A5C21291BB52BA400C1277F /* SAFriendCell.h */ = {isa = PBXFileReference; fileEncoding = 4; lastKnownFileType = sourcecode.c.h; path = SAFriendCell.h; sourceTree = "<group>"; };
		5A5C212A1BB52BA400C1277F /* SAFriendCell.m */ = {isa = PBXFileReference; fileEncoding = 4; lastKnownFileType = sourcecode.c.objc; path = SAFriendCell.m; sourceTree = "<group>"; };
		5A7E1F1E1BA9CD67000E7E62 /* SAPhotoTimeLineViewController.h */ = {isa = PBXFileReference; fileEncoding = 4; lastKnownFileType = sourcecode.c.h; path = SAPhotoTimeLineViewController.h; sourceTree = "<group>"; };
		5A7E1F1F1BA9CD67000E7E62 /* SAPhotoTimeLineViewController.m */ = {isa = PBXFileReference; fileEncoding = 4; lastKnownFileType = sourcecode.c.objc; path = SAPhotoTimeLineViewController.m; sourceTree = "<group>"; };
		5A7E1F211BA9CDA4000E7E62 /* SAPhotoTimeLineCell.h */ = {isa = PBXFileReference; fileEncoding = 4; lastKnownFileType = sourcecode.c.h; path = SAPhotoTimeLineCell.h; sourceTree = "<group>"; };
		5A7E1F221BA9CDA4000E7E62 /* SAPhotoTimeLineCell.m */ = {isa = PBXFileReference; fileEncoding = 4; lastKnownFileType = sourcecode.c.objc; path = SAPhotoTimeLineCell.m; sourceTree = "<group>"; };
		5A849E8E1BC3E62D000FDCB9 /* fansky 2.xcdatamodel */ = {isa = PBXFileReference; lastKnownFileType = wrapper.xcdatamodel; path = "fansky 2.xcdatamodel"; sourceTree = "<group>"; };
		5A849E911BC3EC20000FDCB9 /* Pods-fansky-acknowledgements.plist */ = {isa = PBXFileReference; fileEncoding = 4; lastKnownFileType = text.plist.xml; name = "Pods-fansky-acknowledgements.plist"; path = "Pods/Target Support Files/Pods-fansky/Pods-fansky-acknowledgements.plist"; sourceTree = SOURCE_ROOT; };
		5A86A68A1BBBFD3B00C562E2 /* SANotificationManager.h */ = {isa = PBXFileReference; fileEncoding = 4; lastKnownFileType = sourcecode.c.h; path = SANotificationManager.h; sourceTree = "<group>"; };
		5A86A68B1BBBFD3B00C562E2 /* SANotificationManager.m */ = {isa = PBXFileReference; fileEncoding = 4; lastKnownFileType = sourcecode.c.objc; path = SANotificationManager.m; sourceTree = "<group>"; };
		5A93F01D1BC24AA000C44023 /* zh-Hans */ = {isa = PBXFileReference; lastKnownFileType = file.storyboard; name = "zh-Hans"; path = "zh-Hans.lproj/SAMain.storyboard"; sourceTree = "<group>"; };
		5A93F01E1BC24AA000C44023 /* zh-Hans */ = {isa = PBXFileReference; lastKnownFileType = file.xib; name = "zh-Hans"; path = "zh-Hans.lproj/LaunchScreen.xib"; sourceTree = "<group>"; };
		5A95558B1BD36D1200326E94 /* SAFavoriteTimeLineViewController.h */ = {isa = PBXFileReference; fileEncoding = 4; lastKnownFileType = sourcecode.c.h; path = SAFavoriteTimeLineViewController.h; sourceTree = "<group>"; };
		5A95558C1BD36D1200326E94 /* SAFavoriteTimeLineViewController.m */ = {isa = PBXFileReference; fileEncoding = 4; lastKnownFileType = sourcecode.c.objc; path = SAFavoriteTimeLineViewController.m; sourceTree = "<group>"; };
		5A95558E1BD384B400326E94 /* fansky 3.xcdatamodel */ = {isa = PBXFileReference; lastKnownFileType = wrapper.xcdatamodel; path = "fansky 3.xcdatamodel"; sourceTree = "<group>"; };
		5A9AD6AE1BAA6CD50058916A /* SAMessageDisplayUtils.h */ = {isa = PBXFileReference; fileEncoding = 4; lastKnownFileType = sourcecode.c.h; path = SAMessageDisplayUtils.h; sourceTree = "<group>"; };
		5A9AD6AF1BAA6CD50058916A /* SAMessageDisplayUtils.m */ = {isa = PBXFileReference; fileEncoding = 4; lastKnownFileType = sourcecode.c.objc; path = SAMessageDisplayUtils.m; sourceTree = "<group>"; };
		5AAB875A1BDA4B19003C9A51 /* SAUserInfoViewController.h */ = {isa = PBXFileReference; fileEncoding = 4; lastKnownFileType = sourcecode.c.h; path = SAUserInfoViewController.h; sourceTree = "<group>"; };
		5AAB875B1BDA4B19003C9A51 /* SAUserInfoViewController.m */ = {isa = PBXFileReference; fileEncoding = 4; lastKnownFileType = sourcecode.c.objc; path = SAUserInfoViewController.m; sourceTree = "<group>"; };
		5AD70EEA1B316A79009C5B84 /* fansky.app */ = {isa = PBXFileReference; explicitFileType = wrapper.application; includeInIndex = 0; path = fansky.app; sourceTree = BUILT_PRODUCTS_DIR; };
		5AD70EEE1B316A79009C5B84 /* Info.plist */ = {isa = PBXFileReference; lastKnownFileType = text.plist.xml; path = Info.plist; sourceTree = "<group>"; };
		5AD70EEF1B316A79009C5B84 /* main.m */ = {isa = PBXFileReference; lastKnownFileType = sourcecode.c.objc; path = main.m; sourceTree = "<group>"; };
		5AD70EF11B316A79009C5B84 /* SAAppDelegate.h */ = {isa = PBXFileReference; lastKnownFileType = sourcecode.c.h; path = SAAppDelegate.h; sourceTree = "<group>"; };
		5AD70EF21B316A79009C5B84 /* SAAppDelegate.m */ = {isa = PBXFileReference; lastKnownFileType = sourcecode.c.objc; path = SAAppDelegate.m; sourceTree = "<group>"; };
		5AD70EF51B316A79009C5B84 /* fansky.xcdatamodel */ = {isa = PBXFileReference; lastKnownFileType = wrapper.xcdatamodel; path = fansky.xcdatamodel; sourceTree = "<group>"; };
		5AD70EFD1B316A79009C5B84 /* Images.xcassets */ = {isa = PBXFileReference; lastKnownFileType = folder.assetcatalog; path = Images.xcassets; sourceTree = "<group>"; };
		5AD70F061B316A79009C5B84 /* fanskyTests.xctest */ = {isa = PBXFileReference; explicitFileType = wrapper.cfbundle; includeInIndex = 0; path = fanskyTests.xctest; sourceTree = BUILT_PRODUCTS_DIR; };
		5AD70F0B1B316A79009C5B84 /* Info.plist */ = {isa = PBXFileReference; lastKnownFileType = text.plist.xml; path = Info.plist; sourceTree = "<group>"; };
		5AD70F0C1B316A79009C5B84 /* fanskyTests.m */ = {isa = PBXFileReference; lastKnownFileType = sourcecode.c.objc; path = fanskyTests.m; sourceTree = "<group>"; };
		5AD70F171B316B05009C5B84 /* SATimeLineViewController.h */ = {isa = PBXFileReference; fileEncoding = 4; lastKnownFileType = sourcecode.c.h; path = SATimeLineViewController.h; sourceTree = "<group>"; };
		5AD70F181B316B05009C5B84 /* SATimeLineViewController.m */ = {isa = PBXFileReference; fileEncoding = 4; lastKnownFileType = sourcecode.c.objc; path = SATimeLineViewController.m; sourceTree = "<group>"; };
		5AD70F1F1B31716A009C5B84 /* SAConstants.m */ = {isa = PBXFileReference; fileEncoding = 4; lastKnownFileType = sourcecode.c.objc; path = SAConstants.m; sourceTree = "<group>"; };
		5AD70F211B3171FA009C5B84 /* SAConstants.h */ = {isa = PBXFileReference; lastKnownFileType = sourcecode.c.h; path = SAConstants.h; sourceTree = "<group>"; };
		5ADA99DE1BB2676B0068C0FF /* SAPushWithoutAnimation.h */ = {isa = PBXFileReference; fileEncoding = 4; lastKnownFileType = sourcecode.c.h; path = SAPushWithoutAnimation.h; sourceTree = "<group>"; };
		5ADA99DF1BB2676B0068C0FF /* SAPushWithoutAnimation.m */ = {isa = PBXFileReference; fileEncoding = 4; lastKnownFileType = sourcecode.c.objc; path = SAPushWithoutAnimation.m; sourceTree = "<group>"; };
		5AE38ADC1BA2E70F0022A35A /* SAUserCell.h */ = {isa = PBXFileReference; fileEncoding = 4; lastKnownFileType = sourcecode.c.h; path = SAUserCell.h; sourceTree = "<group>"; };
		5AE38ADD1BA2E70F0022A35A /* SAUserCell.m */ = {isa = PBXFileReference; fileEncoding = 4; lastKnownFileType = sourcecode.c.objc; path = SAUserCell.m; sourceTree = "<group>"; };
		5AE5E99A1BBD02AA00DC4748 /* SATabBarViewControllerDelegate.h */ = {isa = PBXFileReference; fileEncoding = 4; lastKnownFileType = sourcecode.c.h; path = SATabBarViewControllerDelegate.h; sourceTree = "<group>"; };
		5AE5E99B1BBD02AA00DC4748 /* SATabBarViewControllerDelegate.m */ = {isa = PBXFileReference; fileEncoding = 4; lastKnownFileType = sourcecode.c.objc; path = SATabBarViewControllerDelegate.m; sourceTree = "<group>"; };
		5AE98AA61BAEB0A900B7F105 /* SASettingViewController.h */ = {isa = PBXFileReference; fileEncoding = 4; lastKnownFileType = sourcecode.c.h; path = SASettingViewController.h; sourceTree = "<group>"; };
		5AE98AA71BAEB0A900B7F105 /* SASettingViewController.m */ = {isa = PBXFileReference; fileEncoding = 4; lastKnownFileType = sourcecode.c.objc; path = SASettingViewController.m; sourceTree = "<group>"; };
		5AE98AA91BAECDAA00B7F105 /* SADataManager+Message.h */ = {isa = PBXFileReference; fileEncoding = 4; lastKnownFileType = sourcecode.c.h; path = "SADataManager+Message.h"; sourceTree = "<group>"; };
		5AE98AAA1BAECDAA00B7F105 /* SADataManager+Message.m */ = {isa = PBXFileReference; fileEncoding = 4; lastKnownFileType = sourcecode.c.objc; path = "SADataManager+Message.m"; sourceTree = "<group>"; };
		5AE98AB21BAED16300B7F105 /* SAConversationViewController.h */ = {isa = PBXFileReference; fileEncoding = 4; lastKnownFileType = sourcecode.c.h; path = SAConversationViewController.h; sourceTree = "<group>"; };
		5AE98AB31BAED16300B7F105 /* SAConversationViewController.m */ = {isa = PBXFileReference; fileEncoding = 4; lastKnownFileType = sourcecode.c.objc; path = SAConversationViewController.m; sourceTree = "<group>"; };
		5AE98AB51BAED1B400B7F105 /* SAMessageCell.h */ = {isa = PBXFileReference; fileEncoding = 4; lastKnownFileType = sourcecode.c.h; path = SAMessageCell.h; sourceTree = "<group>"; };
		5AE98AB61BAED1B400B7F105 /* SAMessageCell.m */ = {isa = PBXFileReference; fileEncoding = 4; lastKnownFileType = sourcecode.c.objc; path = SAMessageCell.m; sourceTree = "<group>"; };
		5AE98AB81BAEDF0000B7F105 /* SAMessageViewController.h */ = {isa = PBXFileReference; fileEncoding = 4; lastKnownFileType = sourcecode.c.h; path = SAMessageViewController.h; sourceTree = "<group>"; };
		5AE98AB91BAEDF0000B7F105 /* SAMessageViewController.m */ = {isa = PBXFileReference; fileEncoding = 4; lastKnownFileType = sourcecode.c.objc; path = SAMessageViewController.m; sourceTree = "<group>"; };
		5AE98AC11BAEE43300B7F105 /* SADataManager+Conversation.h */ = {isa = PBXFileReference; fileEncoding = 4; lastKnownFileType = sourcecode.c.h; path = "SADataManager+Conversation.h"; sourceTree = "<group>"; };
		5AE98AC21BAEE43300B7F105 /* SADataManager+Conversation.m */ = {isa = PBXFileReference; fileEncoding = 4; lastKnownFileType = sourcecode.c.objc; path = "SADataManager+Conversation.m"; sourceTree = "<group>"; };
		5AE98AC41BAEE90800B7F105 /* SAConversationCell.h */ = {isa = PBXFileReference; fileEncoding = 4; lastKnownFileType = sourcecode.c.h; path = SAConversationCell.h; sourceTree = "<group>"; };
		5AE98AC51BAEE90800B7F105 /* SAConversationCell.m */ = {isa = PBXFileReference; fileEncoding = 4; lastKnownFileType = sourcecode.c.objc; path = SAConversationCell.m; sourceTree = "<group>"; };
		5AED4B271BA672D100EDBF47 /* SADataManager+Photo.h */ = {isa = PBXFileReference; fileEncoding = 4; lastKnownFileType = sourcecode.c.h; path = "SADataManager+Photo.h"; sourceTree = "<group>"; };
		5AED4B281BA672D100EDBF47 /* SADataManager+Photo.m */ = {isa = PBXFileReference; fileEncoding = 4; lastKnownFileType = sourcecode.c.objc; path = "SADataManager+Photo.m"; sourceTree = "<group>"; };
		5AED4B2B1BA6C16300EDBF47 /* NSString+Utils.h */ = {isa = PBXFileReference; fileEncoding = 4; lastKnownFileType = sourcecode.c.h; path = "NSString+Utils.h"; sourceTree = "<group>"; };
		5AED4B2C1BA6C16300EDBF47 /* NSString+Utils.m */ = {isa = PBXFileReference; fileEncoding = 4; lastKnownFileType = sourcecode.c.objc; path = "NSString+Utils.m"; sourceTree = "<group>"; };
		5AED4B2E1BA6D41D00EDBF47 /* NSDate+Utils.h */ = {isa = PBXFileReference; fileEncoding = 4; lastKnownFileType = sourcecode.c.h; path = "NSDate+Utils.h"; sourceTree = "<group>"; };
		5AED4B2F1BA6D41D00EDBF47 /* NSDate+Utils.m */ = {isa = PBXFileReference; fileEncoding = 4; lastKnownFileType = sourcecode.c.objc; path = "NSDate+Utils.m"; sourceTree = "<group>"; };
		5AED4B311BA6E48B00EDBF47 /* SAComposeViewController.h */ = {isa = PBXFileReference; fileEncoding = 4; lastKnownFileType = sourcecode.c.h; path = SAComposeViewController.h; sourceTree = "<group>"; };
		5AED4B321BA6E48B00EDBF47 /* SAComposeViewController.m */ = {isa = PBXFileReference; fileEncoding = 4; lastKnownFileType = sourcecode.c.objc; path = SAComposeViewController.m; sourceTree = "<group>"; };
		5AED4B341BA6E52B00EDBF47 /* SATabBarViewController.h */ = {isa = PBXFileReference; fileEncoding = 4; lastKnownFileType = sourcecode.c.h; path = SATabBarViewController.h; sourceTree = "<group>"; };
		5AED4B351BA6E52B00EDBF47 /* SATabBarViewController.m */ = {isa = PBXFileReference; fileEncoding = 4; lastKnownFileType = sourcecode.c.objc; path = SATabBarViewController.m; sourceTree = "<group>"; };
		5AED4B371BA7CFE100EDBF47 /* SAStatusViewController.h */ = {isa = PBXFileReference; fileEncoding = 4; lastKnownFileType = sourcecode.c.h; path = SAStatusViewController.h; sourceTree = "<group>"; };
		5AED4B381BA7CFE100EDBF47 /* SAStatusViewController.m */ = {isa = PBXFileReference; fileEncoding = 4; lastKnownFileType = sourcecode.c.objc; path = SAStatusViewController.m; sourceTree = "<group>"; };
		5AED4B6C1BA8429300EDBF47 /* SAUserViewController.h */ = {isa = PBXFileReference; fileEncoding = 4; lastKnownFileType = sourcecode.c.h; path = SAUserViewController.h; sourceTree = "<group>"; };
		5AED4B6D1BA8429300EDBF47 /* SAUserViewController.m */ = {isa = PBXFileReference; fileEncoding = 4; lastKnownFileType = sourcecode.c.objc; path = SAUserViewController.m; sourceTree = "<group>"; };
		5AED4B6F1BA8521B00EDBF47 /* SAUserHeaderView.h */ = {isa = PBXFileReference; fileEncoding = 4; lastKnownFileType = sourcecode.c.h; path = SAUserHeaderView.h; sourceTree = "<group>"; };
		5AED4B701BA8521B00EDBF47 /* SAUserHeaderView.m */ = {isa = PBXFileReference; fileEncoding = 4; lastKnownFileType = sourcecode.c.objc; path = SAUserHeaderView.m; sourceTree = "<group>"; };
		5AED4B721BA8522C00EDBF47 /* SAUserHeaderView.xib */ = {isa = PBXFileReference; fileEncoding = 4; lastKnownFileType = file.xib; path = SAUserHeaderView.xib; sourceTree = "<group>"; };
		5AF5B1C51BA17EF500C7A18A /* SAUserListViewController.h */ = {isa = PBXFileReference; fileEncoding = 4; lastKnownFileType = sourcecode.c.h; path = SAUserListViewController.h; sourceTree = "<group>"; };
		5AF5B1C61BA17EF500C7A18A /* SAUserListViewController.m */ = {isa = PBXFileReference; fileEncoding = 4; lastKnownFileType = sourcecode.c.objc; path = SAUserListViewController.m; sourceTree = "<group>"; };
		5AF5B1C81BA17F7B00C7A18A /* SALoginViewController.h */ = {isa = PBXFileReference; fileEncoding = 4; lastKnownFileType = sourcecode.c.h; path = SALoginViewController.h; sourceTree = "<group>"; };
		5AF5B1C91BA17F7B00C7A18A /* SALoginViewController.m */ = {isa = PBXFileReference; fileEncoding = 4; lastKnownFileType = sourcecode.c.objc; path = SALoginViewController.m; sourceTree = "<group>"; };
		5AF5B1CB1BA1813A00C7A18A /* SASplashViewController.h */ = {isa = PBXFileReference; fileEncoding = 4; lastKnownFileType = sourcecode.c.h; path = SASplashViewController.h; sourceTree = "<group>"; };
		5AF5B1CC1BA1813A00C7A18A /* SASplashViewController.m */ = {isa = PBXFileReference; fileEncoding = 4; lastKnownFileType = sourcecode.c.objc; path = SASplashViewController.m; sourceTree = "<group>"; };
		5AF5B1CE1BA1816600C7A18A /* SADataManager.h */ = {isa = PBXFileReference; fileEncoding = 4; lastKnownFileType = sourcecode.c.h; path = SADataManager.h; sourceTree = "<group>"; };
		5AF5B1CF1BA1816600C7A18A /* SADataManager.m */ = {isa = PBXFileReference; fileEncoding = 4; lastKnownFileType = sourcecode.c.objc; path = SADataManager.m; sourceTree = "<group>"; };
		5AF5B1D11BA181CD00C7A18A /* SADataManager+User.h */ = {isa = PBXFileReference; fileEncoding = 4; lastKnownFileType = sourcecode.c.h; path = "SADataManager+User.h"; sourceTree = "<group>"; };
		5AF5B1D21BA181CD00C7A18A /* SADataManager+User.m */ = {isa = PBXFileReference; fileEncoding = 4; lastKnownFileType = sourcecode.c.objc; path = "SADataManager+User.m"; sourceTree = "<group>"; };
		5AFF6FE01BC42BF400769995 /* SAFriend.h */ = {isa = PBXFileReference; fileEncoding = 4; lastKnownFileType = sourcecode.c.h; path = SAFriend.h; sourceTree = "<group>"; };
		5AFF6FE11BC42BF400769995 /* SAFriend.m */ = {isa = PBXFileReference; fileEncoding = 4; lastKnownFileType = sourcecode.c.objc; path = SAFriend.m; sourceTree = "<group>"; };
		BD18F73F4E7C0D5101B87468 /* Pods-fansky.release.xcconfig */ = {isa = PBXFileReference; includeInIndex = 1; lastKnownFileType = text.xcconfig; name = "Pods-fansky.release.xcconfig"; path = "Pods/Target Support Files/Pods-fansky/Pods-fansky.release.xcconfig"; sourceTree = "<group>"; };
/* End PBXFileReference section */

/* Begin PBXFrameworksBuildPhase section */
		5AD70EE71B316A79009C5B84 /* Frameworks */ = {
			isa = PBXFrameworksBuildPhase;
			buildActionMask = 2147483647;
			files = (
				A5780EF56B5B4E2B090419E4 /* Pods_fansky.framework in Frameworks */,
			);
			runOnlyForDeploymentPostprocessing = 0;
		};
		5AD70F031B316A79009C5B84 /* Frameworks */ = {
			isa = PBXFrameworksBuildPhase;
			buildActionMask = 2147483647;
			files = (
			);
			runOnlyForDeploymentPostprocessing = 0;
		};
/* End PBXFrameworksBuildPhase section */

/* Begin PBXGroup section */
		5A2365BA1B395FC100E1E73C /* Views */ = {
			isa = PBXGroup;
			children = (
				5A2365BB1B395FD200E1E73C /* SATimeLineCell.h */,
				5A2365BC1B395FD200E1E73C /* SATimeLineCell.m */,
				5A1811AE1BABF3AC004B6C54 /* SATimeLineCell.xib */,
				5AE38ADC1BA2E70F0022A35A /* SAUserCell.h */,
				5AE38ADD1BA2E70F0022A35A /* SAUserCell.m */,
				5AED4B6F1BA8521B00EDBF47 /* SAUserHeaderView.h */,
				5AED4B701BA8521B00EDBF47 /* SAUserHeaderView.m */,
				5AED4B721BA8522C00EDBF47 /* SAUserHeaderView.xib */,
				5A7E1F211BA9CDA4000E7E62 /* SAPhotoTimeLineCell.h */,
				5A7E1F221BA9CDA4000E7E62 /* SAPhotoTimeLineCell.m */,
				5A1811C81BAC1C40004B6C54 /* SATimeLinePhotoCell.h */,
				5A1811C91BAC1C40004B6C54 /* SATimeLinePhotoCell.m */,
				5A1811CA1BAC1C40004B6C54 /* SATimeLinePhotoCell.xib */,
				5AE98AB51BAED1B400B7F105 /* SAMessageCell.h */,
				5AE98AB61BAED1B400B7F105 /* SAMessageCell.m */,
				5AE98AC41BAEE90800B7F105 /* SAConversationCell.h */,
				5AE98AC51BAEE90800B7F105 /* SAConversationCell.m */,
				5A5C21291BB52BA400C1277F /* SAFriendCell.h */,
				5A5C212A1BB52BA400C1277F /* SAFriendCell.m */,
			);
			path = Views;
			sourceTree = "<group>";
		};
		5A2365BE1B39619100E1E73C /* Models */ = {
			isa = PBXGroup;
			children = (
				5A0F7AF31BC4E50500926FD4 /* SAPhoto+CoreDataProperties.h */,
				5A0F7AF41BC4E50500926FD4 /* SAPhoto+CoreDataProperties.m */,
				5A0F7AF51BC4E50500926FD4 /* SAPhoto.h */,
				5A0F7AF61BC4E50500926FD4 /* SAPhoto.m */,
				5A0F7AF71BC4E50500926FD4 /* SAUser+CoreDataProperties.h */,
				5A0F7AF81BC4E50500926FD4 /* SAUser+CoreDataProperties.m */,
				5A0F7AF91BC4E50500926FD4 /* SAUser.h */,
				5A0F7AFA1BC4E50500926FD4 /* SAUser.m */,
				5A0F7AFB1BC4E50500926FD4 /* SAStatus+CoreDataProperties.h */,
				5A0F7AFC1BC4E50500926FD4 /* SAStatus+CoreDataProperties.m */,
				5A0F7AFD1BC4E50500926FD4 /* SAStatus.h */,
				5A0F7AFE1BC4E50500926FD4 /* SAStatus.m */,
				5A0F7AFF1BC4E50500926FD4 /* SAConversation+CoreDataProperties.h */,
				5A0F7B001BC4E50500926FD4 /* SAConversation+CoreDataProperties.m */,
				5A0F7B011BC4E50500926FD4 /* SAConversation.h */,
				5A0F7B021BC4E50500926FD4 /* SAConversation.m */,
				5A0F7B031BC4E50500926FD4 /* SAMessage+CoreDataProperties.h */,
				5A0F7B041BC4E50500926FD4 /* SAMessage+CoreDataProperties.m */,
				5A0F7B051BC4E50500926FD4 /* SAMessage.h */,
				5A0F7B061BC4E50500926FD4 /* SAMessage.m */,
				5AFF6FE01BC42BF400769995 /* SAFriend.h */,
				5AFF6FE11BC42BF400769995 /* SAFriend.m */,
			);
			path = Models;
			sourceTree = "<group>";
		};
		5AD70EE11B316A79009C5B84 = {
			isa = PBXGroup;
			children = (
				5AD70EEC1B316A79009C5B84 /* fansky */,
				5AD70F091B316A79009C5B84 /* fanskyTests */,
				5AD70EEB1B316A79009C5B84 /* Products */,
				9A74077015D9A0E057728EA2 /* Pods */,
				7A012AD8EBD5286DCA3A07D7 /* Frameworks */,
			);
			sourceTree = "<group>";
		};
		5AD70EEB1B316A79009C5B84 /* Products */ = {
			isa = PBXGroup;
			children = (
				5AD70EEA1B316A79009C5B84 /* fansky.app */,
				5AD70F061B316A79009C5B84 /* fanskyTests.xctest */,
			);
			name = Products;
			sourceTree = "<group>";
		};
		5AD70EEC1B316A79009C5B84 /* fansky */ = {
			isa = PBXGroup;
			children = (
				5ADA99DD1BB267550068C0FF /* Segues */,
				5AED4B2A1BA6C16300EDBF47 /* Utils */,
				5A2365BE1B39619100E1E73C /* Models */,
				5A2365BA1B395FC100E1E73C /* Views */,
				5AD70F1A1B316F4D009C5B84 /* Services */,
				5AD70F161B316AFD009C5B84 /* Controllers */,
				5AD70EF11B316A79009C5B84 /* SAAppDelegate.h */,
				5AD70EF21B316A79009C5B84 /* SAAppDelegate.m */,
				5AD70EFA1B316A79009C5B84 /* SAMain.storyboard */,
				5AD70EFD1B316A79009C5B84 /* Images.xcassets */,
				5AD70EFF1B316A79009C5B84 /* LaunchScreen.xib */,
				5AD70EF41B316A79009C5B84 /* fansky.xcdatamodeld */,
				5AD70EED1B316A79009C5B84 /* Supporting Files */,
				5AD70F1F1B31716A009C5B84 /* SAConstants.m */,
				5AD70F211B3171FA009C5B84 /* SAConstants.h */,
			);
			path = fansky;
			sourceTree = "<group>";
		};
		5AD70EED1B316A79009C5B84 /* Supporting Files */ = {
			isa = PBXGroup;
			children = (
				5A849E911BC3EC20000FDCB9 /* Pods-fansky-acknowledgements.plist */,
				5AD70EEE1B316A79009C5B84 /* Info.plist */,
				5AD70EEF1B316A79009C5B84 /* main.m */,
			);
			name = "Supporting Files";
			sourceTree = "<group>";
		};
		5AD70F091B316A79009C5B84 /* fanskyTests */ = {
			isa = PBXGroup;
			children = (
				5AD70F0C1B316A79009C5B84 /* fanskyTests.m */,
				5AD70F0A1B316A79009C5B84 /* Supporting Files */,
			);
			path = fanskyTests;
			sourceTree = "<group>";
		};
		5AD70F0A1B316A79009C5B84 /* Supporting Files */ = {
			isa = PBXGroup;
			children = (
				5AD70F0B1B316A79009C5B84 /* Info.plist */,
			);
			name = "Supporting Files";
			sourceTree = "<group>";
		};
		5AD70F161B316AFD009C5B84 /* Controllers */ = {
			isa = PBXGroup;
			children = (
				5AD70F171B316B05009C5B84 /* SATimeLineViewController.h */,
				5AD70F181B316B05009C5B84 /* SATimeLineViewController.m */,
				5AF5B1C51BA17EF500C7A18A /* SAUserListViewController.h */,
				5AF5B1C61BA17EF500C7A18A /* SAUserListViewController.m */,
				5AF5B1C81BA17F7B00C7A18A /* SALoginViewController.h */,
				5AF5B1C91BA17F7B00C7A18A /* SALoginViewController.m */,
				5AF5B1CB1BA1813A00C7A18A /* SASplashViewController.h */,
				5AF5B1CC1BA1813A00C7A18A /* SASplashViewController.m */,
				5AED4B311BA6E48B00EDBF47 /* SAComposeViewController.h */,
				5AED4B321BA6E48B00EDBF47 /* SAComposeViewController.m */,
				5AED4B341BA6E52B00EDBF47 /* SATabBarViewController.h */,
				5AED4B351BA6E52B00EDBF47 /* SATabBarViewController.m */,
				5AED4B371BA7CFE100EDBF47 /* SAStatusViewController.h */,
				5AED4B381BA7CFE100EDBF47 /* SAStatusViewController.m */,
				5AED4B6C1BA8429300EDBF47 /* SAUserViewController.h */,
				5AED4B6D1BA8429300EDBF47 /* SAUserViewController.m */,
				5A7E1F1E1BA9CD67000E7E62 /* SAPhotoTimeLineViewController.h */,
				5A7E1F1F1BA9CD67000E7E62 /* SAPhotoTimeLineViewController.m */,
				5A1811AB1BABED3D004B6C54 /* SAMentionListViewController.h */,
				5A1811AC1BABED3D004B6C54 /* SAMentionListViewController.m */,
				5AE98AA61BAEB0A900B7F105 /* SASettingViewController.h */,
				5AE98AA71BAEB0A900B7F105 /* SASettingViewController.m */,
				5AE98AB21BAED16300B7F105 /* SAConversationViewController.h */,
				5AE98AB31BAED16300B7F105 /* SAConversationViewController.m */,
				5AE98AB81BAEDF0000B7F105 /* SAMessageViewController.h */,
				5AE98AB91BAEDF0000B7F105 /* SAMessageViewController.m */,
				5A5C21261BB51B1100C1277F /* SAFriendListViewController.h */,
				5A5C21271BB51B1100C1277F /* SAFriendListViewController.m */,
				5AE5E99A1BBD02AA00DC4748 /* SATabBarViewControllerDelegate.h */,
				5AE5E99B1BBD02AA00DC4748 /* SATabBarViewControllerDelegate.m */,
				5A95558B1BD36D1200326E94 /* SAFavoriteTimeLineViewController.h */,
				5A95558C1BD36D1200326E94 /* SAFavoriteTimeLineViewController.m */,
				5AAB875A1BDA4B19003C9A51 /* SAUserInfoViewController.h */,
				5AAB875B1BDA4B19003C9A51 /* SAUserInfoViewController.m */,
			);
			path = Controllers;
			sourceTree = "<group>";
		};
		5AD70F1A1B316F4D009C5B84 /* Services */ = {
			isa = PBXGroup;
			children = (
				5A2365C21B39723900E1E73C /* SAAPIService.h */,
				5A2365C31B39723900E1E73C /* SAAPIService.m */,
				5AF5B1CE1BA1816600C7A18A /* SADataManager.h */,
				5AF5B1CF1BA1816600C7A18A /* SADataManager.m */,
				5AF5B1D11BA181CD00C7A18A /* SADataManager+User.h */,
				5AF5B1D21BA181CD00C7A18A /* SADataManager+User.m */,
				5A3E6C561BA441D100C589BE /* SADataManager+Status.h */,
				5A3E6C571BA441D100C589BE /* SADataManager+Status.m */,
				5AED4B271BA672D100EDBF47 /* SADataManager+Photo.h */,
				5AED4B281BA672D100EDBF47 /* SADataManager+Photo.m */,
				5AE98AA91BAECDAA00B7F105 /* SADataManager+Message.h */,
				5AE98AAA1BAECDAA00B7F105 /* SADataManager+Message.m */,
				5AE98AC11BAEE43300B7F105 /* SADataManager+Conversation.h */,
				5AE98AC21BAEE43300B7F105 /* SADataManager+Conversation.m */,
				5A86A68A1BBBFD3B00C562E2 /* SANotificationManager.h */,
				5A86A68B1BBBFD3B00C562E2 /* SANotificationManager.m */,
			);
			path = Services;
			sourceTree = "<group>";
		};
		5ADA99DD1BB267550068C0FF /* Segues */ = {
			isa = PBXGroup;
			children = (
				5ADA99DE1BB2676B0068C0FF /* SAPushWithoutAnimation.h */,
				5ADA99DF1BB2676B0068C0FF /* SAPushWithoutAnimation.m */,
			);
			path = Segues;
			sourceTree = "<group>";
		};
		5AED4B2A1BA6C16300EDBF47 /* Utils */ = {
			isa = PBXGroup;
			children = (
				5AED4B2B1BA6C16300EDBF47 /* NSString+Utils.h */,
				5AED4B2C1BA6C16300EDBF47 /* NSString+Utils.m */,
				5AED4B2E1BA6D41D00EDBF47 /* NSDate+Utils.h */,
				5AED4B2F1BA6D41D00EDBF47 /* NSDate+Utils.m */,
				5A9AD6AE1BAA6CD50058916A /* SAMessageDisplayUtils.h */,
				5A9AD6AF1BAA6CD50058916A /* SAMessageDisplayUtils.m */,
			);
			path = Utils;
			sourceTree = "<group>";
		};
		7A012AD8EBD5286DCA3A07D7 /* Frameworks */ = {
			isa = PBXGroup;
			children = (
				5A113F051BDBAB800065E18D /* LocalAuthentication.framework */,
				5A01639A1BA96A470065F1F1 /* TTTAttributedLabel.framework */,
				3E43255F77409845B17D05D0 /* Pods_fansky.framework */,
			);
			name = Frameworks;
			sourceTree = "<group>";
		};
		9A74077015D9A0E057728EA2 /* Pods */ = {
			isa = PBXGroup;
			children = (
				4CA0B1D52B50FFEAB4E792B5 /* Pods-fansky.debug.xcconfig */,
				BD18F73F4E7C0D5101B87468 /* Pods-fansky.release.xcconfig */,
			);
			name = Pods;
			sourceTree = "<group>";
		};
/* End PBXGroup section */

/* Begin PBXNativeTarget section */
		5AD70EE91B316A79009C5B84 /* fansky */ = {
			isa = PBXNativeTarget;
			buildConfigurationList = 5AD70F101B316A79009C5B84 /* Build configuration list for PBXNativeTarget "fansky" */;
			buildPhases = (
				3379B5F8436764899A29380E /* Check Pods Manifest.lock */,
				5AD70EE61B316A79009C5B84 /* Sources */,
				5AD70EE71B316A79009C5B84 /* Frameworks */,
				5AD70EE81B316A79009C5B84 /* Resources */,
				E3A3D1275D399D3442815DA5 /* Copy Pods Resources */,
				A8D80BEA510F48F57A33657B /* Embed Pods Frameworks */,
			);
			buildRules = (
			);
			dependencies = (
			);
			name = fansky;
			productName = fansky;
			productReference = 5AD70EEA1B316A79009C5B84 /* fansky.app */;
			productType = "com.apple.product-type.application";
		};
		5AD70F051B316A79009C5B84 /* fanskyTests */ = {
			isa = PBXNativeTarget;
			buildConfigurationList = 5AD70F131B316A79009C5B84 /* Build configuration list for PBXNativeTarget "fanskyTests" */;
			buildPhases = (
				5AD70F021B316A79009C5B84 /* Sources */,
				5AD70F031B316A79009C5B84 /* Frameworks */,
				5AD70F041B316A79009C5B84 /* Resources */,
			);
			buildRules = (
			);
			dependencies = (
				5AD70F081B316A79009C5B84 /* PBXTargetDependency */,
			);
			name = fanskyTests;
			productName = fanskyTests;
			productReference = 5AD70F061B316A79009C5B84 /* fanskyTests.xctest */;
			productType = "com.apple.product-type.bundle.unit-test";
		};
/* End PBXNativeTarget section */

/* Begin PBXProject section */
		5AD70EE21B316A79009C5B84 /* Project object */ = {
			isa = PBXProject;
			attributes = {
				LastUpgradeCheck = 0630;
				ORGANIZATIONNAME = Zzy;
				TargetAttributes = {
					5AD70EE91B316A79009C5B84 = {
						CreatedOnToolsVersion = 6.3.2;
					};
					5AD70F051B316A79009C5B84 = {
						CreatedOnToolsVersion = 6.3.2;
						TestTargetID = 5AD70EE91B316A79009C5B84;
					};
				};
			};
			buildConfigurationList = 5AD70EE51B316A79009C5B84 /* Build configuration list for PBXProject "fansky" */;
			compatibilityVersion = "Xcode 3.2";
			developmentRegion = English;
			hasScannedForEncodings = 0;
			knownRegions = (
				"zh-Hans",
			);
			mainGroup = 5AD70EE11B316A79009C5B84;
			productRefGroup = 5AD70EEB1B316A79009C5B84 /* Products */;
			projectDirPath = "";
			projectRoot = "";
			targets = (
				5AD70EE91B316A79009C5B84 /* fansky */,
				5AD70F051B316A79009C5B84 /* fanskyTests */,
			);
		};
/* End PBXProject section */

/* Begin PBXResourcesBuildPhase section */
		5AD70EE81B316A79009C5B84 /* Resources */ = {
			isa = PBXResourcesBuildPhase;
			buildActionMask = 2147483647;
			files = (
				5A2B63F51BDBA140007F670C /* Info.plist in Resources */,
				5AED4B731BA8522C00EDBF47 /* SAUserHeaderView.xib in Resources */,
				5A1811CC1BAC1C40004B6C54 /* SATimeLinePhotoCell.xib in Resources */,
				5AD70EFC1B316A79009C5B84 /* SAMain.storyboard in Resources */,
				5AD70F011B316A79009C5B84 /* LaunchScreen.xib in Resources */,
				5AD70EFE1B316A79009C5B84 /* Images.xcassets in Resources */,
				5A1811AF1BABF3AC004B6C54 /* SATimeLineCell.xib in Resources */,
				5A849E921BC3EC20000FDCB9 /* Pods-fansky-acknowledgements.plist in Resources */,
			);
			runOnlyForDeploymentPostprocessing = 0;
		};
		5AD70F041B316A79009C5B84 /* Resources */ = {
			isa = PBXResourcesBuildPhase;
			buildActionMask = 2147483647;
			files = (
			);
			runOnlyForDeploymentPostprocessing = 0;
		};
/* End PBXResourcesBuildPhase section */

/* Begin PBXShellScriptBuildPhase section */
		3379B5F8436764899A29380E /* Check Pods Manifest.lock */ = {
			isa = PBXShellScriptBuildPhase;
			buildActionMask = 2147483647;
			files = (
			);
			inputPaths = (
			);
			name = "Check Pods Manifest.lock";
			outputPaths = (
			);
			runOnlyForDeploymentPostprocessing = 0;
			shellPath = /bin/sh;
			shellScript = "diff \"${PODS_ROOT}/../Podfile.lock\" \"${PODS_ROOT}/Manifest.lock\" > /dev/null\nif [[ $? != 0 ]] ; then\n    cat << EOM\nerror: The sandbox is not in sync with the Podfile.lock. Run 'pod install' or update your CocoaPods installation.\nEOM\n    exit 1\nfi\n";
			showEnvVarsInLog = 0;
		};
		A8D80BEA510F48F57A33657B /* Embed Pods Frameworks */ = {
			isa = PBXShellScriptBuildPhase;
			buildActionMask = 2147483647;
			files = (
			);
			inputPaths = (
			);
			name = "Embed Pods Frameworks";
			outputPaths = (
			);
			runOnlyForDeploymentPostprocessing = 0;
			shellPath = /bin/sh;
			shellScript = "\"${SRCROOT}/Pods/Target Support Files/Pods-fansky/Pods-fansky-frameworks.sh\"\n";
			showEnvVarsInLog = 0;
		};
		E3A3D1275D399D3442815DA5 /* Copy Pods Resources */ = {
			isa = PBXShellScriptBuildPhase;
			buildActionMask = 2147483647;
			files = (
			);
			inputPaths = (
			);
			name = "Copy Pods Resources";
			outputPaths = (
			);
			runOnlyForDeploymentPostprocessing = 0;
			shellPath = /bin/sh;
			shellScript = "\"${SRCROOT}/Pods/Target Support Files/Pods-fansky/Pods-fansky-resources.sh\"\n";
			showEnvVarsInLog = 0;
		};
/* End PBXShellScriptBuildPhase section */

/* Begin PBXSourcesBuildPhase section */
		5AD70EE61B316A79009C5B84 /* Sources */ = {
			isa = PBXSourcesBuildPhase;
			buildActionMask = 2147483647;
			files = (
				5AE98AC61BAEE90800B7F105 /* SAConversationCell.m in Sources */,
				5AD70EF31B316A79009C5B84 /* SAAppDelegate.m in Sources */,
				5A95558D1BD36D1200326E94 /* SAFavoriteTimeLineViewController.m in Sources */,
				5A0F7B0F1BC4E50500926FD4 /* SAMessage+CoreDataProperties.m in Sources */,
				5AE5E99C1BBD02AA00DC4748 /* SATabBarViewControllerDelegate.m in Sources */,
				5AED4B391BA7CFE100EDBF47 /* SAStatusViewController.m in Sources */,
				5A0F7B0B1BC4E50500926FD4 /* SAStatus+CoreDataProperties.m in Sources */,
				5A9AD6B01BAA6CD50058916A /* SAMessageDisplayUtils.m in Sources */,
				5A7E1F201BA9CD67000E7E62 /* SAPhotoTimeLineViewController.m in Sources */,
				5A0F7B0A1BC4E50500926FD4 /* SAUser.m in Sources */,
				5AED4B711BA8521B00EDBF47 /* SAUserHeaderView.m in Sources */,
				5AE98AA81BAEB0A900B7F105 /* SASettingViewController.m in Sources */,
				5AF5B1CD1BA1813A00C7A18A /* SASplashViewController.m in Sources */,
				5A1811CB1BAC1C40004B6C54 /* SATimeLinePhotoCell.m in Sources */,
				5A0F7B081BC4E50500926FD4 /* SAPhoto.m in Sources */,
				5AF5B1CA1BA17F7B00C7A18A /* SALoginViewController.m in Sources */,
				5AED4B331BA6E48B00EDBF47 /* SAComposeViewController.m in Sources */,
				5ADA99E01BB2676B0068C0FF /* SAPushWithoutAnimation.m in Sources */,
				5AED4B301BA6D41D00EDBF47 /* NSDate+Utils.m in Sources */,
				5A1811AD1BABED3D004B6C54 /* SAMentionListViewController.m in Sources */,
				5A3E6C581BA441D100C589BE /* SADataManager+Status.m in Sources */,
				5AE98AC31BAEE43300B7F105 /* SADataManager+Conversation.m in Sources */,
				5AED4B2D1BA6C16300EDBF47 /* NSString+Utils.m in Sources */,
				5AAB875C1BDA4B19003C9A51 /* SAUserInfoViewController.m in Sources */,
				5AE98AB41BAED16300B7F105 /* SAConversationViewController.m in Sources */,
				5AD70F201B31716A009C5B84 /* SAConstants.m in Sources */,
				5AF5B1D31BA181CD00C7A18A /* SADataManager+User.m in Sources */,
				5AE98ABA1BAEDF0000B7F105 /* SAMessageViewController.m in Sources */,
				5AED4B6E1BA8429300EDBF47 /* SAUserViewController.m in Sources */,
				5A0F7B0E1BC4E50500926FD4 /* SAConversation.m in Sources */,
				5A0F7B0D1BC4E50500926FD4 /* SAConversation+CoreDataProperties.m in Sources */,
				5A2365C41B39723900E1E73C /* SAAPIService.m in Sources */,
				5A5C21281BB51B1100C1277F /* SAFriendListViewController.m in Sources */,
				5AED4B361BA6E52B00EDBF47 /* SATabBarViewController.m in Sources */,
				5A0F7B091BC4E50500926FD4 /* SAUser+CoreDataProperties.m in Sources */,
				5AE98AB71BAED1B400B7F105 /* SAMessageCell.m in Sources */,
				5A0F7B071BC4E50500926FD4 /* SAPhoto+CoreDataProperties.m in Sources */,
				5A2365BD1B395FD200E1E73C /* SATimeLineCell.m in Sources */,
				5A0F7B0C1BC4E50500926FD4 /* SAStatus.m in Sources */,
				5AD70F191B316B05009C5B84 /* SATimeLineViewController.m in Sources */,
				5AD70EF01B316A79009C5B84 /* main.m in Sources */,
				5AED4B291BA672D100EDBF47 /* SADataManager+Photo.m in Sources */,
				5A7E1F231BA9CDA4000E7E62 /* SAPhotoTimeLineCell.m in Sources */,
				5AF5B1C71BA17EF500C7A18A /* SAUserListViewController.m in Sources */,
				5A86A68C1BBBFD3B00C562E2 /* SANotificationManager.m in Sources */,
				5A0F7B101BC4E50500926FD4 /* SAMessage.m in Sources */,
				5AE38ADE1BA2E70F0022A35A /* SAUserCell.m in Sources */,
				5AF5B1D01BA1816600C7A18A /* SADataManager.m in Sources */,
				5AD70EF61B316A79009C5B84 /* fansky.xcdatamodeld in Sources */,
				5A5C212B1BB52BA400C1277F /* SAFriendCell.m in Sources */,
				5AE98AAB1BAECDAA00B7F105 /* SADataManager+Message.m in Sources */,
				5AFF6FE21BC42BF400769995 /* SAFriend.m in Sources */,
			);
			runOnlyForDeploymentPostprocessing = 0;
		};
		5AD70F021B316A79009C5B84 /* Sources */ = {
			isa = PBXSourcesBuildPhase;
			buildActionMask = 2147483647;
			files = (
				5AD70F0D1B316A79009C5B84 /* fanskyTests.m in Sources */,
			);
			runOnlyForDeploymentPostprocessing = 0;
		};
/* End PBXSourcesBuildPhase section */

/* Begin PBXTargetDependency section */
		5AD70F081B316A79009C5B84 /* PBXTargetDependency */ = {
			isa = PBXTargetDependency;
			target = 5AD70EE91B316A79009C5B84 /* fansky */;
			targetProxy = 5AD70F071B316A79009C5B84 /* PBXContainerItemProxy */;
		};
/* End PBXTargetDependency section */

/* Begin PBXVariantGroup section */
		5AD70EFA1B316A79009C5B84 /* SAMain.storyboard */ = {
			isa = PBXVariantGroup;
			children = (
				5A93F01D1BC24AA000C44023 /* zh-Hans */,
			);
			name = SAMain.storyboard;
			sourceTree = "<group>";
		};
		5AD70EFF1B316A79009C5B84 /* LaunchScreen.xib */ = {
			isa = PBXVariantGroup;
			children = (
				5A93F01E1BC24AA000C44023 /* zh-Hans */,
			);
			name = LaunchScreen.xib;
			sourceTree = "<group>";
		};
/* End PBXVariantGroup section */

/* Begin XCBuildConfiguration section */
		5AD70F0E1B316A79009C5B84 /* Debug */ = {
			isa = XCBuildConfiguration;
			buildSettings = {
				ALWAYS_SEARCH_USER_PATHS = NO;
				CLANG_CXX_LANGUAGE_STANDARD = "gnu++0x";
				CLANG_CXX_LIBRARY = "libc++";
				CLANG_ENABLE_MODULES = YES;
				CLANG_ENABLE_OBJC_ARC = YES;
				CLANG_WARN_BOOL_CONVERSION = YES;
				CLANG_WARN_CONSTANT_CONVERSION = YES;
				CLANG_WARN_DIRECT_OBJC_ISA_USAGE = YES_ERROR;
				CLANG_WARN_EMPTY_BODY = YES;
				CLANG_WARN_ENUM_CONVERSION = YES;
				CLANG_WARN_INT_CONVERSION = YES;
				CLANG_WARN_OBJC_ROOT_CLASS = YES_ERROR;
				CLANG_WARN_UNREACHABLE_CODE = YES;
				CLANG_WARN__DUPLICATE_METHOD_MATCH = YES;
				"CODE_SIGN_IDENTITY[sdk=iphoneos*]" = "iPhone Developer";
				COPY_PHASE_STRIP = NO;
				DEBUG_INFORMATION_FORMAT = "dwarf-with-dsym";
				ENABLE_STRICT_OBJC_MSGSEND = YES;
				GCC_C_LANGUAGE_STANDARD = gnu99;
				GCC_DYNAMIC_NO_PIC = NO;
				GCC_NO_COMMON_BLOCKS = YES;
				GCC_OPTIMIZATION_LEVEL = 0;
				GCC_PREPROCESSOR_DEFINITIONS = (
					"DEBUG=1",
					"$(inherited)",
				);
				GCC_SYMBOLS_PRIVATE_EXTERN = NO;
				GCC_WARN_64_TO_32_BIT_CONVERSION = YES;
				GCC_WARN_ABOUT_RETURN_TYPE = YES_ERROR;
				GCC_WARN_UNDECLARED_SELECTOR = YES;
				GCC_WARN_UNINITIALIZED_AUTOS = YES_AGGRESSIVE;
				GCC_WARN_UNUSED_FUNCTION = YES;
				GCC_WARN_UNUSED_VARIABLE = YES;
				IPHONEOS_DEPLOYMENT_TARGET = 8.3;
				MTL_ENABLE_DEBUG_INFO = YES;
				ONLY_ACTIVE_ARCH = YES;
				SDKROOT = iphoneos;
			};
			name = Debug;
		};
		5AD70F0F1B316A79009C5B84 /* Release */ = {
			isa = XCBuildConfiguration;
			buildSettings = {
				ALWAYS_SEARCH_USER_PATHS = NO;
				CLANG_CXX_LANGUAGE_STANDARD = "gnu++0x";
				CLANG_CXX_LIBRARY = "libc++";
				CLANG_ENABLE_MODULES = YES;
				CLANG_ENABLE_OBJC_ARC = YES;
				CLANG_WARN_BOOL_CONVERSION = YES;
				CLANG_WARN_CONSTANT_CONVERSION = YES;
				CLANG_WARN_DIRECT_OBJC_ISA_USAGE = YES_ERROR;
				CLANG_WARN_EMPTY_BODY = YES;
				CLANG_WARN_ENUM_CONVERSION = YES;
				CLANG_WARN_INT_CONVERSION = YES;
				CLANG_WARN_OBJC_ROOT_CLASS = YES_ERROR;
				CLANG_WARN_UNREACHABLE_CODE = YES;
				CLANG_WARN__DUPLICATE_METHOD_MATCH = YES;
				"CODE_SIGN_IDENTITY[sdk=iphoneos*]" = "iPhone Developer";
				COPY_PHASE_STRIP = NO;
				DEBUG_INFORMATION_FORMAT = "dwarf-with-dsym";
				ENABLE_NS_ASSERTIONS = NO;
				ENABLE_STRICT_OBJC_MSGSEND = YES;
				GCC_C_LANGUAGE_STANDARD = gnu99;
				GCC_NO_COMMON_BLOCKS = YES;
				GCC_WARN_64_TO_32_BIT_CONVERSION = YES;
				GCC_WARN_ABOUT_RETURN_TYPE = YES_ERROR;
				GCC_WARN_UNDECLARED_SELECTOR = YES;
				GCC_WARN_UNINITIALIZED_AUTOS = YES_AGGRESSIVE;
				GCC_WARN_UNUSED_FUNCTION = YES;
				GCC_WARN_UNUSED_VARIABLE = YES;
				IPHONEOS_DEPLOYMENT_TARGET = 8.3;
				MTL_ENABLE_DEBUG_INFO = NO;
				SDKROOT = iphoneos;
				VALIDATE_PRODUCT = YES;
			};
			name = Release;
		};
		5AD70F111B316A79009C5B84 /* Debug */ = {
			isa = XCBuildConfiguration;
			baseConfigurationReference = 4CA0B1D52B50FFEAB4E792B5 /* Pods-fansky.debug.xcconfig */;
			buildSettings = {
				ASSETCATALOG_COMPILER_APPICON_NAME = AppIcon;
				ASSETCATALOG_COMPILER_LAUNCHIMAGE_NAME = LaunchImage;
				CODE_SIGN_IDENTITY = "iPhone Developer";
				ENABLE_BITCODE = NO;
				FRAMEWORK_SEARCH_PATHS = (
					"$(inherited)",
					"$(PROJECT_DIR)/build/Debug-iphoneos",
				);
				INFOPLIST_FILE = fansky/Info.plist;
				IPHONEOS_DEPLOYMENT_TARGET = 8.0;
				LD_RUNPATH_SEARCH_PATHS = "$(inherited) @executable_path/Frameworks";
				LIBRARY_SEARCH_PATHS = "$(inherited)";
				PRODUCT_NAME = "$(TARGET_NAME)";
				TARGETED_DEVICE_FAMILY = 1;
			};
			name = Debug;
		};
		5AD70F121B316A79009C5B84 /* Release */ = {
			isa = XCBuildConfiguration;
			baseConfigurationReference = BD18F73F4E7C0D5101B87468 /* Pods-fansky.release.xcconfig */;
			buildSettings = {
				ASSETCATALOG_COMPILER_APPICON_NAME = AppIcon;
				ASSETCATALOG_COMPILER_LAUNCHIMAGE_NAME = LaunchImage;
				CODE_SIGN_IDENTITY = "iPhone Developer";
				ENABLE_BITCODE = NO;
				FRAMEWORK_SEARCH_PATHS = (
					"$(inherited)",
					"$(PROJECT_DIR)/build/Debug-iphoneos",
				);
				INFOPLIST_FILE = fansky/Info.plist;
				IPHONEOS_DEPLOYMENT_TARGET = 8.0;
				LD_RUNPATH_SEARCH_PATHS = "$(inherited) @executable_path/Frameworks";
				LIBRARY_SEARCH_PATHS = "$(inherited)";
				PRODUCT_NAME = "$(TARGET_NAME)";
				TARGETED_DEVICE_FAMILY = 1;
			};
			name = Release;
		};
		5AD70F141B316A79009C5B84 /* Debug */ = {
			isa = XCBuildConfiguration;
			buildSettings = {
				BUNDLE_LOADER = "$(TEST_HOST)";
				FRAMEWORK_SEARCH_PATHS = (
					"$(SDKROOT)/Developer/Library/Frameworks",
					"$(inherited)",
				);
				GCC_PREPROCESSOR_DEFINITIONS = (
					"DEBUG=1",
					"$(inherited)",
				);
				INFOPLIST_FILE = fanskyTests/Info.plist;
				LD_RUNPATH_SEARCH_PATHS = "$(inherited) @executable_path/Frameworks @loader_path/Frameworks";
				PRODUCT_NAME = "$(TARGET_NAME)";
				TEST_HOST = "$(BUILT_PRODUCTS_DIR)/fansky.app/fansky";
			};
			name = Debug;
		};
		5AD70F151B316A79009C5B84 /* Release */ = {
			isa = XCBuildConfiguration;
			buildSettings = {
				BUNDLE_LOADER = "$(TEST_HOST)";
				FRAMEWORK_SEARCH_PATHS = (
					"$(SDKROOT)/Developer/Library/Frameworks",
					"$(inherited)",
				);
				INFOPLIST_FILE = fanskyTests/Info.plist;
				LD_RUNPATH_SEARCH_PATHS = "$(inherited) @executable_path/Frameworks @loader_path/Frameworks";
				PRODUCT_NAME = "$(TARGET_NAME)";
				TEST_HOST = "$(BUILT_PRODUCTS_DIR)/fansky.app/fansky";
			};
			name = Release;
		};
/* End XCBuildConfiguration section */

/* Begin XCConfigurationList section */
		5AD70EE51B316A79009C5B84 /* Build configuration list for PBXProject "fansky" */ = {
			isa = XCConfigurationList;
			buildConfigurations = (
				5AD70F0E1B316A79009C5B84 /* Debug */,
				5AD70F0F1B316A79009C5B84 /* Release */,
			);
			defaultConfigurationIsVisible = 0;
			defaultConfigurationName = Release;
		};
		5AD70F101B316A79009C5B84 /* Build configuration list for PBXNativeTarget "fansky" */ = {
			isa = XCConfigurationList;
			buildConfigurations = (
				5AD70F111B316A79009C5B84 /* Debug */,
				5AD70F121B316A79009C5B84 /* Release */,
			);
			defaultConfigurationIsVisible = 0;
			defaultConfigurationName = Release;
		};
		5AD70F131B316A79009C5B84 /* Build configuration list for PBXNativeTarget "fanskyTests" */ = {
			isa = XCConfigurationList;
			buildConfigurations = (
				5AD70F141B316A79009C5B84 /* Debug */,
				5AD70F151B316A79009C5B84 /* Release */,
			);
			defaultConfigurationIsVisible = 0;
			defaultConfigurationName = Release;
		};
/* End XCConfigurationList section */

/* Begin XCVersionGroup section */
		5AD70EF41B316A79009C5B84 /* fansky.xcdatamodeld */ = {
			isa = XCVersionGroup;
			children = (
				5A5694EA1BDB55F400A883A9 /* fansky 4.xcdatamodel */,
				5A95558E1BD384B400326E94 /* fansky 3.xcdatamodel */,
				5A849E8E1BC3E62D000FDCB9 /* fansky 2.xcdatamodel */,
				5AD70EF51B316A79009C5B84 /* fansky.xcdatamodel */,
			);
			currentVersion = 5A5694EA1BDB55F400A883A9 /* fansky 4.xcdatamodel */;
			path = fansky.xcdatamodeld;
			sourceTree = "<group>";
			versionGroupType = wrapper.xcdatamodel;
		};
/* End XCVersionGroup section */
	};
	rootObject = 5AD70EE21B316A79009C5B84 /* Project object */;
}
